{
    "_meta": {
        "hash": {
            "sha256": "093146be7e83e9248897687853fdf4969b0cce5965a65d9a5dcbcf5358f6cc00"
        },
        "pipfile-spec": 6,
        "requires": {
            "python_version": "3.6"
        },
        "sources": [
            {
                "name": "pypi",
                "url": "https://pypi.python.org/simple",
                "verify_ssl": true
            }
        ]
    },
    "default": {
        "altgraph": {
            "hashes": [
                "sha256:743628f2ac6a7c26f5d9223c91ed8ecbba535f506f4b6f558885a8a56a105857",
                "sha256:ebf2269361b47d97b3b88e696439f6e4cbc607c17c51feb1754f90fb79839158"
            ],
            "version": "==0.17.2"
        },
        "certifi": {
            "hashes": [
                "sha256:84c85a9078b11105f04f3036a9482ae10e4621616db313fe045dd24743a0820d",
                "sha256:fe86415d55e84719d75f8b69414f6438ac3547d2078ab91b67e779ef69378412"
            ],
            "markers": "python_version >= '3.6'",
            "version": "==2022.6.15"
        },
        "charset-normalizer": {
            "hashes": [
                "sha256:2857e29ff0d34db842cd7ca3230549d1a697f96ee6d3fb071cfa6c7393832597",
                "sha256:6881edbebdb17b39b4eaaa821b438bf6eddffb4468cf344f09f89def34a8b1df"
            ],
            "markers": "python_version >= '3'",
            "version": "==2.0.12"
        },
        "colored": {
            "hashes": [
                "sha256:b7b48b9f40e8a65bbb54813d5d79dd008dc8b8c5638d5bbfd30fc5a82e6def7a"
            ],
            "version": "==1.4.3"
        },
        "flake8": {
            "hashes": [
                "sha256:479b1304f72536a55948cb40a32dce8bb0ffe3501e26eaf292c7e60eb5e0428d",
                "sha256:806e034dda44114815e23c16ef92f95c91e4c71100ff52813adf7132a6ad870d"
            ],
            "index": "pypi",
            "version": "==4.0.1"
        },
        "fpdf": {
            "hashes": [
                "sha256:0a94eb783ee933e32a44ad949a1aa6c3ca6fb35b608db53f8b216aec52fc1fb5",
                "sha256:125840783289e7d12552b1e86ab692c37322e7a65b96a99e0ea86cca041b6779",
                "sha256:9542f6ad0791d673955da954a0cf3554a0affac79deab87bee06b9b4d4e60990"
            ],
            "index": "pypi",
            "version": "==1.7.2"
        },
        "gooey": {
            "hashes": [
                "sha256:08d6bf534f4d50d50dafba5cfc68dcf31a6e9eeef13a94cbe3ea17c4e45c4671",
                "sha256:222793cf4a5dd2f9d5c3174ad7369c3df541d91a49e54d51bbee95745ed75ae2"
            ],
            "index": "pypi",
            "version": "==1.0.8.1"
        },
        "idna": {
            "hashes": [
                "sha256:84d9dd047ffa80596e0f246e2eab0b391788b0503584e8945f2368256d2735ff",
                "sha256:9d643ff0a55b762d5cdb124b8eaa99c66322e2157b69160bc32796e824360e6d"
            ],
            "markers": "python_version >= '3'",
            "version": "==3.3"
        },
        "importlib-metadata": {
            "hashes": [
                "sha256:057e92c15bc8d9e8109738a48db0ccb31b4d9d5cfbee5a8670879a30be66304b",
                "sha256:b7e52a1f8dec14a75ea73e0891f3060099ca1d8e6a462a4dff11c3e119ea1b31"
            ],
            "markers": "python_version < '3.8'",
            "version": "==4.2.0"
        },
        "mccabe": {
            "hashes": [
                "sha256:ab8a6258860da4b6677da4bd2fe5dc2c659cff31b3ee4f7f5d64e79735b80d42",
                "sha256:dd8d182285a0fe56bace7f45b5e7d1a6ebcbf524e8f3bd87eb0f125271b8831f"
            ],
            "version": "==0.6.1"
        },
        "mypy-extensions": {
            "hashes": [
                "sha256:090fedd75945a69ae91ce1303b5824f428daf5a028d2f6ab8a299250a846f15d",
                "sha256:2d82818f5bb3e369420cb3c4060a7970edba416647068eb4c5343488a6c604a8"
            ],
            "index": "pypi",
            "version": "==0.4.3"
        },
        "numpy": {
            "hashes": [
                "sha256:012426a41bc9ab63bb158635aecccc7610e3eff5d31d1eb43bc099debc979d94",
                "sha256:06fab248a088e439402141ea04f0fffb203723148f6ee791e9c75b3e9e82f080",
                "sha256:0eef32ca3132a48e43f6a0f5a82cb508f22ce5a3d6f67a8329c81c8e226d3f6e",
                "sha256:1ded4fce9cfaaf24e7a0ab51b7a87be9038ea1ace7f34b841fe3b6894c721d1c",
                "sha256:2e55195bc1c6b705bfd8ad6f288b38b11b1af32f3c8289d6c50d47f950c12e76",
                "sha256:2ea52bd92ab9f768cc64a4c3ef8f4b2580a17af0a5436f6126b08efbd1838371",
                "sha256:36674959eed6957e61f11c912f71e78857a8d0604171dfd9ce9ad5cbf41c511c",
                "sha256:384ec0463d1c2671170901994aeb6dce126de0a95ccc3976c43b0038a37329c2",
                "sha256:39b70c19ec771805081578cc936bbe95336798b7edf4732ed102e7a43ec5c07a",
                "sha256:400580cbd3cff6ffa6293df2278c75aef2d58d8d93d3c5614cd67981dae68ceb",
                "sha256:43d4c81d5ffdff6bae58d66a3cd7f54a7acd9a0e7b18d97abb255defc09e3140",
                "sha256:50a4a0ad0111cc1b71fa32dedd05fa239f7fb5a43a40663269bb5dc7877cfd28",
                "sha256:603aa0706be710eea8884af807b1b3bc9fb2e49b9f4da439e76000f3b3c6ff0f",
                "sha256:6149a185cece5ee78d1d196938b2a8f9d09f5a5ebfbba66969302a778d5ddd1d",
                "sha256:759e4095edc3c1b3ac031f34d9459fa781777a93ccc633a472a5468587a190ff",
                "sha256:7fb43004bce0ca31d8f13a6eb5e943fa73371381e53f7074ed21a4cb786c32f8",
                "sha256:811daee36a58dc79cf3d8bdd4a490e4277d0e4b7d103a001a4e73ddb48e7e6aa",
                "sha256:8b5e972b43c8fc27d56550b4120fe6257fdc15f9301914380b27f74856299fea",
                "sha256:99abf4f353c3d1a0c7a5f27699482c987cf663b1eac20db59b8c7b061eabd7fc",
                "sha256:a0d53e51a6cb6f0d9082decb7a4cb6dfb33055308c4c44f53103c073f649af73",
                "sha256:a12ff4c8ddfee61f90a1633a4c4afd3f7bcb32b11c52026c92a12e1325922d0d",
                "sha256:a4646724fba402aa7504cd48b4b50e783296b5e10a524c7a6da62e4a8ac9698d",
                "sha256:a76f502430dd98d7546e1ea2250a7360c065a5fdea52b2dffe8ae7180909b6f4",
                "sha256:a9d17f2be3b427fbb2bce61e596cf555d6f8a56c222bd2ca148baeeb5e5c783c",
                "sha256:ab83f24d5c52d60dbc8cd0528759532736b56db58adaa7b5f1f76ad551416a1e",
                "sha256:aeb9ed923be74e659984e321f609b9ba54a48354bfd168d21a2b072ed1e833ea",
                "sha256:c843b3f50d1ab7361ca4f0b3639bf691569493a56808a0b0c54a051d260b7dbd",
                "sha256:cae865b1cae1ec2663d8ea56ef6ff185bad091a5e33ebbadd98de2cfa3fa668f",
                "sha256:cc6bd4fd593cb261332568485e20a0712883cf631f6f5e8e86a52caa8b2b50ff",
                "sha256:cf2402002d3d9f91c8b01e66fbb436a4ed01c6498fffed0e4c7566da1d40ee1e",
                "sha256:d051ec1c64b85ecc69531e1137bb9751c6830772ee5c1c426dbcfe98ef5788d7",
                "sha256:d6631f2e867676b13026e2846180e2c13c1e11289d67da08d71cacb2cd93d4aa",
                "sha256:dbd18bcf4889b720ba13a27ec2f2aac1981bd41203b3a3b27ba7a33f88ae4827",
                "sha256:df609c82f18c5b9f6cb97271f03315ff0dbe481a2a02e56aeb1b1a985ce38e60"
            ],
            "markers": "python_version >= '3.6'",
            "version": "==1.19.5"
        },
        "pillow": {
            "hashes": [
                "sha256:066f3999cb3b070a95c3652712cffa1a748cd02d60ad7b4e485c3748a04d9d76",
                "sha256:0a0956fdc5defc34462bb1c765ee88d933239f9a94bc37d132004775241a7585",
                "sha256:0b052a619a8bfcf26bd8b3f48f45283f9e977890263e4571f2393ed8898d331b",
                "sha256:1394a6ad5abc838c5cd8a92c5a07535648cdf6d09e8e2d6df916dfa9ea86ead8",
                "sha256:1bc723b434fbc4ab50bb68e11e93ce5fb69866ad621e3c2c9bdb0cd70e345f55",
                "sha256:244cf3b97802c34c41905d22810846802a3329ddcb93ccc432870243211c79fc",
                "sha256:25a49dc2e2f74e65efaa32b153527fc5ac98508d502fa46e74fa4fd678ed6645",
                "sha256:2e4440b8f00f504ee4b53fe30f4e381aae30b0568193be305256b1462216feff",
                "sha256:3862b7256046fcd950618ed22d1d60b842e3a40a48236a5498746f21189afbbc",
                "sha256:3eb1ce5f65908556c2d8685a8f0a6e989d887ec4057326f6c22b24e8a172c66b",
                "sha256:3f97cfb1e5a392d75dd8b9fd274d205404729923840ca94ca45a0af57e13dbe6",
                "sha256:493cb4e415f44cd601fcec11c99836f707bb714ab03f5ed46ac25713baf0ff20",
                "sha256:4acc0985ddf39d1bc969a9220b51d94ed51695d455c228d8ac29fcdb25810e6e",
                "sha256:5503c86916d27c2e101b7f71c2ae2cddba01a2cf55b8395b0255fd33fa4d1f1a",
                "sha256:5b7bb9de00197fb4261825c15551adf7605cf14a80badf1761d61e59da347779",
                "sha256:5e9ac5f66616b87d4da618a20ab0a38324dbe88d8a39b55be8964eb520021e02",
                "sha256:620582db2a85b2df5f8a82ddeb52116560d7e5e6b055095f04ad828d1b0baa39",
                "sha256:62cc1afda735a8d109007164714e73771b499768b9bb5afcbbee9d0ff374b43f",
                "sha256:70ad9e5c6cb9b8487280a02c0ad8a51581dcbbe8484ce058477692a27c151c0a",
                "sha256:72b9e656e340447f827885b8d7a15fc8c4e68d410dc2297ef6787eec0f0ea409",
                "sha256:72cbcfd54df6caf85cc35264c77ede902452d6df41166010262374155947460c",
                "sha256:792e5c12376594bfcb986ebf3855aa4b7c225754e9a9521298e460e92fb4a488",
                "sha256:7b7017b61bbcdd7f6363aeceb881e23c46583739cb69a3ab39cb384f6ec82e5b",
                "sha256:81f8d5c81e483a9442d72d182e1fb6dcb9723f289a57e8030811bac9ea3fef8d",
                "sha256:82aafa8d5eb68c8463b6e9baeb4f19043bb31fefc03eb7b216b51e6a9981ae09",
                "sha256:84c471a734240653a0ec91dec0996696eea227eafe72a33bd06c92697728046b",
                "sha256:8c803ac3c28bbc53763e6825746f05cc407b20e4a69d0122e526a582e3b5e153",
                "sha256:93ce9e955cc95959df98505e4608ad98281fff037350d8c2671c9aa86bcf10a9",
                "sha256:9a3e5ddc44c14042f0844b8cf7d2cd455f6cc80fd7f5eefbe657292cf601d9ad",
                "sha256:a4901622493f88b1a29bd30ec1a2f683782e57c3c16a2dbc7f2595ba01f639df",
                "sha256:a5a4532a12314149d8b4e4ad8ff09dde7427731fcfa5917ff16d0291f13609df",
                "sha256:b8831cb7332eda5dc89b21a7bce7ef6ad305548820595033a4b03cf3091235ed",
                "sha256:b8e2f83c56e141920c39464b852de3719dfbfb6e3c99a2d8da0edf4fb33176ed",
                "sha256:c70e94281588ef053ae8998039610dbd71bc509e4acbc77ab59d7d2937b10698",
                "sha256:c8a17b5d948f4ceeceb66384727dde11b240736fddeda54ca740b9b8b1556b29",
                "sha256:d82cdb63100ef5eedb8391732375e6d05993b765f72cb34311fab92103314649",
                "sha256:d89363f02658e253dbd171f7c3716a5d340a24ee82d38aab9183f7fdf0cdca49",
                "sha256:d99ec152570e4196772e7a8e4ba5320d2d27bf22fdf11743dd882936ed64305b",
                "sha256:ddc4d832a0f0b4c52fff973a0d44b6c99839a9d016fe4e6a1cb8f3eea96479c2",
                "sha256:e3dacecfbeec9a33e932f00c6cd7996e62f53ad46fbe677577394aaa90ee419a",
                "sha256:eb9fc393f3c61f9054e1ed26e6fe912c7321af2f41ff49d3f83d05bacf22cc78"
            ],
            "markers": "python_version >= '3.6'",
            "version": "==8.4.0"
        },
        "psutil": {
            "hashes": [
                "sha256:068935df39055bf27a29824b95c801c7a5130f118b806eee663cad28dca97685",
                "sha256:0904727e0b0a038830b019551cf3204dd48ef5c6868adc776e06e93d615fc5fc",
                "sha256:0f15a19a05f39a09327345bc279c1ba4a8cfb0172cc0d3c7f7d16c813b2e7d36",
                "sha256:19f36c16012ba9cfc742604df189f2f28d2720e23ff7d1e81602dbe066be9fd1",
                "sha256:20b27771b077dcaa0de1de3ad52d22538fe101f9946d6dc7869e6f694f079329",
                "sha256:28976df6c64ddd6320d281128817f32c29b539a52bdae5e192537bc338a9ec81",
                "sha256:29a442e25fab1f4d05e2655bb1b8ab6887981838d22effa2396d584b740194de",
                "sha256:3054e923204b8e9c23a55b23b6df73a8089ae1d075cb0bf711d3e9da1724ded4",
                "sha256:32c52611756096ae91f5d1499fe6c53b86f4a9ada147ee42db4991ba1520e574",
                "sha256:3a76ad658641172d9c6e593de6fe248ddde825b5866464c3b2ee26c35da9d237",
                "sha256:44d1826150d49ffd62035785a9e2c56afcea66e55b43b8b630d7706276e87f22",
                "sha256:4b6750a73a9c4a4e689490ccb862d53c7b976a2a35c4e1846d049dcc3f17d83b",
                "sha256:56960b9e8edcca1456f8c86a196f0c3d8e3e361320071c93378d41445ffd28b0",
                "sha256:57f1819b5d9e95cdfb0c881a8a5b7d542ed0b7c522d575706a80bedc848c8954",
                "sha256:58678bbadae12e0db55186dc58f2888839228ac9f41cc7848853539b70490021",
                "sha256:645bd4f7bb5b8633803e0b6746ff1628724668681a434482546887d22c7a9537",
                "sha256:799759d809c31aab5fe4579e50addf84565e71c1dc9f1c31258f159ff70d3f87",
                "sha256:79c9108d9aa7fa6fba6e668b61b82facc067a6b81517cab34d07a84aa89f3df0",
                "sha256:91c7ff2a40c373d0cc9121d54bc5f31c4fa09c346528e6a08d1845bce5771ffc",
                "sha256:9272167b5f5fbfe16945be3db475b3ce8d792386907e673a209da686176552af",
                "sha256:944c4b4b82dc4a1b805329c980f270f170fdc9945464223f2ec8e57563139cf4",
                "sha256:a6a11e48cb93a5fa606306493f439b4aa7c56cb03fc9ace7f6bfa21aaf07c453",
                "sha256:a8746bfe4e8f659528c5c7e9af5090c5a7d252f32b2e859c584ef7d8efb1e689",
                "sha256:abd9246e4cdd5b554a2ddd97c157e292ac11ef3e7af25ac56b08b455c829dca8",
                "sha256:b14ee12da9338f5e5b3a3ef7ca58b3cba30f5b66f7662159762932e6d0b8f680",
                "sha256:b88f75005586131276634027f4219d06e0561292be8bd6bc7f2f00bdabd63c4e",
                "sha256:c7be9d7f5b0d206f0bbc3794b8e16fb7dbc53ec9e40bbe8787c6f2d38efcf6c9",
                "sha256:d2d006286fbcb60f0b391741f520862e9b69f4019b4d738a2a45728c7e952f1b",
                "sha256:db417f0865f90bdc07fa30e1aadc69b6f4cad7f86324b02aa842034efe8d8c4d",
                "sha256:e7e10454cb1ab62cc6ce776e1c135a64045a11ec4c6d254d3f7689c16eb3efd2",
                "sha256:f65f9a46d984b8cd9b3750c2bdb419b2996895b005aefa6cbaba9a143b1ce2c5",
                "sha256:fea896b54f3a4ae6f790ac1d017101252c93f6fe075d0e7571543510f11d2676"
            ],
            "markers": "python_version >= '2.7' and python_version not in '3.0, 3.1, 3.2, 3.3'",
            "version": "==5.9.1"
        },
        "pycodestyle": {
            "hashes": [
                "sha256:720f8b39dde8b293825e7ff02c475f3077124006db4f440dcbc9a20b76548a20",
                "sha256:eddd5847ef438ea1c7870ca7eb78a9d47ce0cdb4851a5523949f2601d0cbbe7f"
            ],
            "markers": "python_version >= '2.7' and python_version not in '3.0, 3.1, 3.2, 3.3, 3.4'",
            "version": "==2.8.0"
        },
        "pyflakes": {
            "hashes": [
                "sha256:05a85c2872edf37a4ed30b0cce2f6093e1d0581f8c19d7393122da7e25b2b24c",
                "sha256:3bb3a3f256f4b7968c9c788781e4ff07dce46bdf12339dcda61053375426ee2e"
            ],
            "markers": "python_version >= '2.7' and python_version not in '3.0, 3.1, 3.2, 3.3'",
            "version": "==2.4.0"
        },
        "pygtrie": {
            "hashes": [
                "sha256:43205559d28863358dbbf25045029f58e2ab357317a59b11f11ade278ac64692"
            ],
            "version": "==2.4.2"
        },
        "pyinstaller": {
            "hashes": [
                "sha256:05c21117b84199272ebd355b556af4714f6e79245e1c435d6f16653786d7d17e",
                "sha256:0dcaf6557cdb2da763c46e06e95a94a7634ab03fb09d91bc77988b01ee05c907",
                "sha256:15557cd1a79d182967f0a5040750e6902e13ebd6cab41e3ed84d7b28a306357b",
                "sha256:581620bdcd32f01e89b13231256b807bb090e7eadf40c81c864ec402afa4758a",
                "sha256:70c71e827f4b34602cbc7a0947a067b662c1cbdc4db51832e13b97cca3c54dd7",
                "sha256:714c4dcc319a41416744d1e30c6317405dfaed80d2adc45f8bfa70dc7367e664",
                "sha256:7749c868d2e2dc84df7d6f65437226183c8a366f3a99bb2737785625c3a3cca1",
                "sha256:7d94518ba1f8e9a8577345312276891ad7d6cd9785e453e9951b35647e2c7078",
                "sha256:cfed0b3a43e73550a43a094610328109564710b9514afa093ef7199d072cae87",
                "sha256:d4f79c0a774451f12baca4e476376418f011fa3039dde8fd172ea2aa8ff67bad",
                "sha256:f2166ff2cd95eefb0d377ae8d1071f186fa25edd410ede65b376162d5ec41909"
            ],
            "index": "pypi",
            "version": "==4.10"
        },
        "pyinstaller-hooks-contrib": {
            "hashes": [
                "sha256:29f0bd8fbb2ff6f2df60a0c147e5b5ad65ae5c1a982d90641a5f712de03fa161",
                "sha256:61b667f51b2525377fae30793f38fd9752a08032c72b209effabf707c840cc38"
            ],
            "version": "==2022.0"
        },
        "requests": {
            "hashes": [
                "sha256:68d7c56fd5a8999887728ef304a6d12edc7be74f1cfa47714fc8b414525c9a61",
                "sha256:f22fa1e554c9ddfd16e6e41ac79759e17be9e492b3587efa038054674760e72d"
            ],
            "index": "pypi",
            "version": "==2.27.1"
        },
        "setuptools": {
            "hashes": [
                "sha256:22c7348c6d2976a52632c67f7ab0cdf40147db7789f9aed18734643fe9cf3373",
                "sha256:4ce92f1e1f8f01233ee9952c04f6b81d1e02939d6e1b488428154974a4d0783e"
            ],
            "markers": "python_version >= '3.6'",
            "version": "==59.6.0"
        },
        "six": {
            "hashes": [
                "sha256:1e61c37477a1626458e36f7b1d82aa5c9b094fa4802892072e49de9c60c4c926",
                "sha256:8abb2f1d86890a2dfb989f9a77cfcfd3e47c2a354b01111771326f8aa26e0254"
            ],
            "markers": "python_version >= '2.7' and python_version not in '3.0, 3.1, 3.2, 3.3'",
            "version": "==1.16.0"
        },
        "splinter": {
            "hashes": [
                "sha256:4a14a9d1f9d1372c64b666627ef4e103d759379bc1a9bde0c487e00d70976b1e",
                "sha256:616da85a0c99bef00b59e75eb29e2e48162027c68ccb81a12d1dfe6d26209692"
            ],
            "index": "pypi",
            "version": "==0.18.1"
        },
        "typing-extensions": {
            "hashes": [
                "sha256:1a9462dcc3347a79b1f1c0271fbe79e844580bb598bafa1ed208b94da3cdcd42",
                "sha256:21c85e0fe4b9a155d0799430b0ad741cdce7e359660ccbd8b530613e8df88ce2"
            ],
            "markers": "python_version < '3.8'",
            "version": "==4.1.1"
        },
        "urllib3": {
            "hashes": [
                "sha256:44ece4d53fb1706f667c9bd1c648f5469a2ec925fcf3a776667042d645472c14",
                "sha256:aabaf16477806a5e1dd19aa41f8c2b7950dd3c746362d7e3223dbe6de6ac448e"
            ],
            "markers": "python_version >= '2.7' and python_version not in '3.0, 3.1, 3.2, 3.3, 3.4' and python_version < '4'",
            "version": "==1.26.9"
        },
        "wxpython": {
            "hashes": [
                "sha256:00e5e3180ac7f2852f342ad341d57c44e7e4326de0b550b9a5c4a8361b6c3528",
                "sha256:07aed697e86904eb6bd63956a3eb792eb54139ddec3ee95f129340973bdcdc54",
                "sha256:15adf25d8353e196e1258c9d3dda353b67c877fb16519b21c6f64d5efbb9798e",
                "sha256:4fde25e97a85b681ee1c76d15b8ee802661d9af4a615d07dc35374b62225d467",
                "sha256:64933480eff036d50754ef46496247510b9f0a17eb24d7a8079188c868c5b978",
                "sha256:84c3d5c7a43e1face86569e0832a526c31ad4a43d0448bef2fec6ce08de0f699",
                "sha256:a3d699d20826eae5130e117dd0a9024ea9f5e6677669f1e2874a68a96a979272",
                "sha256:bbd3e9a6f7bde3b72a7159584a760976f4cbaafba4315c7ea8b29e6c3731fa50",
                "sha256:daf6c3e732954fd56ea50942bd698a6c273c206f424bacd929bf1419148d048f",
                "sha256:db057f9c7144ecdef21ed2da683fd9f2dfd7d897d4158626de49d523dbb82945",
                "sha256:e132144ac4b05092d18ae63c335571f338d8da82be1c126d2d84c70d43cfcf28",
                "sha256:e8170353bc1004574552a5b121251cc859b68d9cf6f09118dd9be48422448304",
                "sha256:f03d00c25db206d294ba99f15714368e02416b67be12bd8714b8268870e3b155"
            ],
            "version": "==4.1.1"
        },
        "zipp": {
            "hashes": [
                "sha256:71c644c5369f4a6e07636f0aa966270449561fcea2e3d6747b8d23efaa9d7832",
                "sha256:9fe5ea21568a0a70e50f273397638d39b03353731e6cbbb3fd8502a33fec40bc"
            ],
            "markers": "python_version >= '3.6'",
            "version": "==3.6.0"
        }
    },
    "develop": {}
}
